PODS:
  - ActiveLabel (1.1.0)
  - AnimatedCollectionViewLayout (1.1.0)
  - Cosmos (23.0.0)
  - EasyTipView (2.1.0)
  - FontAwesome.swift (1.9.1)
  - GrowingTextView (0.7.2)
  - RxBlocking (6.2.0):
    - RxSwift (= 6.2.0)
  - RxCocoa (6.2.0):
    - RxRelay (= 6.2.0)
    - RxSwift (= 6.2.0)
  - RxRelay (6.2.0):
    - RxSwift (= 6.2.0)
  - RxSwift (6.2.0)
  - RxTest (6.2.0):
    - RxSwift (= 6.2.0)
  - SwipeCellKit (2.7.1)

DEPENDENCIES:
  - ActiveLabel
  - AnimatedCollectionViewLayout
  - Cosmos (~> 23.0)
  - EasyTipView (~> 2.1)
  - FontAwesome.swift
  - GrowingTextView (= 0.7.2)
  - RxBlocking (= 6.2.0)
  - RxCocoa (= 6.2.0)
  - RxSwift (= 6.2.0)
  - RxTest (= 6.2.0)
  - SwipeCellKit

SPEC REPOS:
  trunk:
    - ActiveLabel
    - AnimatedCollectionViewLayout
    - Cosmos
    - EasyTipView
    - FontAwesome.swift
    - GrowingTextView
    - RxBlocking
    - RxCocoa
    - RxRelay
    - RxSwift
    - RxTest
    - SwipeCellKit

SPEC CHECKSUMS:
  ActiveLabel: 5e3f4de79a1952d4604b845a0610d4776e4b82b3
  AnimatedCollectionViewLayout: 0c1a38c4be115c525c887be183fc91ef65737c5d
  Cosmos: b5c6a9a637e28a061b54c8f8b1d8529d7d4db73f
  EasyTipView: a92b6edc377b81c5ac18e9fd35d5ee78e9409488
  FontAwesome.swift: 6b52cb7be66eacd28cbfaa0ca7ffd0de4a186a1d
  GrowingTextView: 876bf42005b5e4a4fd740597db12caaf41f0fe6c
  RxBlocking: 0b29f7d2079109a8de49c411381bed7c33ef1eeb
  RxCocoa: 4baf94bb35f2c0ab31bc0cb9f1900155f646ba42
  RxRelay: e72dbfd157807478401ef1982e1c61c945c94b2f
  RxSwift: d356ab7bee873611322f134c5f9ef379fa183d8f
  RxTest: 0c692fa672b694373ba86d2b00033595297a2831
  SwipeCellKit: 3972254a826da74609926daf59b08d6c72e619ea

PODFILE CHECKSUM: 161b9e32ed5e8eb6414ae72f92f12c30ec373dee

COCOAPODS: 1.10.1
