{
  "originHash" : "fba46ebc813c47abf31785419d4e0f689379ff545c4404c649aedaafb81b55c7",
  "pins" : [
    {
      "identity" : "cosmos",
      "kind" : "remoteSourceControl",
      "location" : "https://github.com/evgenyneu/Cosmos.git",
      "state" : {
        "revision" : "40ba10aaf175bf50abefd0e518bd3b40862af3b1",
        "version" : "25.0.1"
      }
    },
    {
      "identity" : "handmadecalendaradvance",
      "kind" : "remoteSourceControl",
      "location" : "https://github.com/fumiyasac/handMadeCalendarAdvance.git",
      "state" : {
        "revision" : "387eaf4dd385468be279f443df106f65ac3555dc",
        "version" : "0.7.1"
      }
    },
    {
      "identity" : "rxswift",
      "kind" : "remoteSourceControl",
      "location" : "https://github.com/ReactiveX/RxSwift.git",
      "state" : {
        "revision" : "b06a8c8596e4c3e8e7788e08e720e3248563ce6a",
        "version" : "6.7.1"
      }
    },
    {
      "identity" : "sdwebimage",
      "kind" : "remoteSourceControl",
      "location" : "https://github.com/SDWebImage/SDWebImage.git",
      "state" : {
        "revision" : "76dd4b49110b8624317fc128e7fa0d8a252018bc",
        "version" : "5.11.1"
      }
    },
    {
      "identity" : "swift-syntax",
      "kind" : "remoteSourceControl",
      "location" : "https://github.com/swiftlang/swift-syntax.git",
      "state" : {
        "revision" : "cb53fa1bd3219b0b23ded7dfdd3b2baff266fd25",
        "version" : "600.0.0"
      }
    },
    {
      "identity" : "swift-testing",
      "kind" : "remoteSourceControl",
      "location" : "https://github.com/apple/swift-testing.git",
      "state" : {
        "revision" : "399f76dcd91e4c688ca2301fa24a8cc6d9927211",
        "version" : "0.99.0"
      }
    },
    {
      "identity" : "swiftyuserdefaults",
      "kind" : "remoteSourceControl",
      "location" : "https://github.com/sunshinejr/SwiftyUserDefaults.git",
      "state" : {
        "revision" : "f66bcd04088582c8fbb5cb8554d577e303bae396",
        "version" : "5.3.0"
      }
    },
    {
      "identity" : "webui",
      "kind" : "remoteSourceControl",
      "location" : "https://github.com/cybozu/WebUI.git",
      "state" : {
        "revision" : "3a6150781a35431e48634d63e05df0489754b55b",
        "version" : "2.1.1"
      }
    }
  ],
  "version" : 3
}
